
Microsoft Visual Studio Solution File, Format Version 12.00
# Visual Studio Version 17
VisualStudioVersion = 17.8.34525.116
MinimumVisualStudioVersion = 10.0.40219.1
Project("{FAE04EC0-301F-11D3-BF4B-00C04F79EFBC}") = "Client", "..\Client\Client.csproj", "{2284CE88-4C20-47C0-A5D3-1DE95FB4A5C6}"
EndProject
Project("{FAE04EC0-301F-11D3-BF4B-00C04F79EFBC}") = "Server", "..\ServerConsole\Server.csproj", "{1D02B934-6992-4D8C-BA40-865C3CD0EAAB}"
EndProject
Project("{FAE04EC0-301F-11D3-BF4B-00C04F79EFBC}") = "ServerForm", "..\ServerForm\ServerForm.csproj", "{D864C9A7-7D51-4CFF-8D26-1CDA930239D2}"
EndProject
Global
	GlobalSection(SolutionConfigurationPlatforms) = preSolution
		Debug|Any CPU = Debug|Any CPU
		Release|Any CPU = Release|Any CPU
	EndGlobalSection
	GlobalSection(ProjectConfigurationPlatforms) = postSolution
		{2284CE88-4C20-47C0-A5D3-1DE95FB4A5C6}.Debug|Any CPU.ActiveCfg = Debug|Any CPU
		{2284CE88-4C20-47C0-A5D3-1DE95FB4A5C6}.Debug|Any CPU.Build.0 = Debug|Any CPU
		{2284CE88-4C20-47C0-A5D3-1DE95FB4A5C6}.Release|Any CPU.ActiveCfg = Release|Any CPU
		{2284CE88-4C20-47C0-A5D3-1DE95FB4A5C6}.Release|Any CPU.Build.0 = Release|Any CPU
		{1D02B934-6992-4D8C-BA40-865C3CD0EAAB}.Debug|Any CPU.ActiveCfg = Debug|Any CPU
		{1D02B934-6992-4D8C-BA40-865C3CD0EAAB}.Debug|Any CPU.Build.0 = Debug|Any CPU
		{1D02B934-6992-4D8C-BA40-865C3CD0EAAB}.Release|Any CPU.ActiveCfg = Release|Any CPU
		{1D02B934-6992-4D8C-BA40-865C3CD0EAAB}.Release|Any CPU.Build.0 = Release|Any CPU
		{D864C9A7-7D51-4CFF-8D26-1CDA930239D2}.Debug|Any CPU.ActiveCfg = Debug|Any CPU
		{D864C9A7-7D51-4CFF-8D26-1CDA930239D2}.Debug|Any CPU.Build.0 = Debug|Any CPU
		{D864C9A7-7D51-4CFF-8D26-1CDA930239D2}.Release|Any CPU.ActiveCfg = Release|Any CPU
		{D864C9A7-7D51-4CFF-8D26-1CDA930239D2}.Release|Any CPU.Build.0 = Release|Any CPU
	EndGlobalSection
	GlobalSection(SolutionProperties) = preSolution
		HideSolutionNode = FALSE
	EndGlobalSection
	GlobalSection(ExtensibilityGlobals) = postSolution
		SolutionGuid = {50A20721-6543-433C-ADE5-D8A5894B5530}
	EndGlobalSection
EndGlobal
